# This file is automatically @generated by Cargo.
# It is not intended for manual editing.
version = 3

[[package]]
name = "anyhow"
version = "1.0.75"
source = "registry+https://github.com/rust-lang/crates.io-index"
checksum = "a4668cab20f66d8d020e1fbc0ebe47217433c1b6c8f2040faf858554e394ace6"

[[package]]
name = "default"
version = "0.1.2"
source = "registry+https://github.com/rust-lang/crates.io-index"
checksum = "f33853de3c94db27f825215641be74ddce259f5aec7aefae9c760ee1bb3dbaa7"

[[package]]
name = "lab06"
version = "0.1.0"
dependencies = [
 "anyhow",
 "default",
]
